// !$*UTF8*$!
{
	archiveVersion = 1;
	classes = {
	};
	objectVersion = 56;
	objects = {

/* Begin PBXBuildFile section */
		18C96BE42D19C4C800DD2DA1 /* AppDelegate.swift in Sources */ = {isa = PBXBuildFile; fileRef = 18C96BE32D19C4C800DD2DA1 /* AppDelegate.swift */; };
		18C96BE62D19C4C800DD2DA1 /* SceneDelegate.swift in Sources */ = {isa = PBXBuildFile; fileRef = 18C96BE52D19C4C800DD2DA1 /* SceneDelegate.swift */; };
		18C96BE82D19C4C800DD2DA1 /* RecipesViewController.swift in Sources */ = {isa = PBXBuildFile; fileRef = 18C96BE72D19C4C800DD2DA1 /* RecipesViewController.swift */; };
		18C96BED2D19C4CA00DD2DA1 /* Assets.xcassets in Resources */ = {isa = PBXBuildFile; fileRef = 18C96BEC2D19C4CA00DD2DA1 /* Assets.xcassets */; };
		18C96BF02D19C4CA00DD2DA1 /* Base in Resources */ = {isa = PBXBuildFile; fileRef = 18C96BEF2D19C4CA00DD2DA1 /* Base */; };
		18C96C052D19C4CB00DD2DA1 /* FetchRecipeAppUITests.swift in Sources */ = {isa = PBXBuildFile; fileRef = 18C96C042D19C4CB00DD2DA1 /* FetchRecipeAppUITests.swift */; };
		18C96C072D19C4CB00DD2DA1 /* FetchRecipeAppUITestsLaunchTests.swift in Sources */ = {isa = PBXBuildFile; fileRef = 18C96C062D19C4CB00DD2DA1 /* FetchRecipeAppUITestsLaunchTests.swift */; };
		18C96C142D19C54D00DD2DA1 /* AppContainer.swift in Sources */ = {isa = PBXBuildFile; fileRef = 18C96C132D19C54D00DD2DA1 /* AppContainer.swift */; };
		18C96C162D19C60600DD2DA1 /* RecipesRootView.swift in Sources */ = {isa = PBXBuildFile; fileRef = 18C96C152D19C60600DD2DA1 /* RecipesRootView.swift */; };
		18C96C182D19C61000DD2DA1 /* RecipesViewModel.swift in Sources */ = {isa = PBXBuildFile; fileRef = 18C96C172D19C60F00DD2DA1 /* RecipesViewModel.swift */; };
		18C96C1D2D19C70500DD2DA1 /* NiblessView.swift in Sources */ = {isa = PBXBuildFile; fileRef = 18C96C1C2D19C70500DD2DA1 /* NiblessView.swift */; };
		18C96C1F2D19C71100DD2DA1 /* NiblessViewController.swift in Sources */ = {isa = PBXBuildFile; fileRef = 18C96C1E2D19C71100DD2DA1 /* NiblessViewController.swift */; };
		18C96C212D19C71800DD2DA1 /* UIColor+Hex.swift in Sources */ = {isa = PBXBuildFile; fileRef = 18C96C202D19C71800DD2DA1 /* UIColor+Hex.swift */; };
		18C96C242D19CB1C00DD2DA1 /* RecipesCollectionViewCell.swift in Sources */ = {isa = PBXBuildFile; fileRef = 18C96C232D19CB1C00DD2DA1 /* RecipesCollectionViewCell.swift */; };
		18C96C262D19D2A400DD2DA1 /* Recipe.swift in Sources */ = {isa = PBXBuildFile; fileRef = 18C96C252D19D2A400DD2DA1 /* Recipe.swift */; };
		18C96C282D19D32700DD2DA1 /* APIClient.swift in Sources */ = {isa = PBXBuildFile; fileRef = 18C96C272D19D32700DD2DA1 /* APIClient.swift */; };
		18C96C2C2D19D44500DD2DA1 /* Logger.swift in Sources */ = {isa = PBXBuildFile; fileRef = 18C96C2B2D19D44500DD2DA1 /* Logger.swift */; };
		18C96C312D19DABC00DD2DA1 /* Cache.swift in Sources */ = {isa = PBXBuildFile; fileRef = 18C96C302D19DABC00DD2DA1 /* Cache.swift */; };
		18C96C332D19EE8900DD2DA1 /* ImageLoader.swift in Sources */ = {isa = PBXBuildFile; fileRef = 18C96C322D19EE8900DD2DA1 /* ImageLoader.swift */; };
		18C96C362D19EFF500DD2DA1 /* DiskCache.swift in Sources */ = {isa = PBXBuildFile; fileRef = 18C96C352D19EFF500DD2DA1 /* DiskCache.swift */; };
		18C96C3A2D1A09E800DD2DA1 /* StorageType.swift in Sources */ = {isa = PBXBuildFile; fileRef = 18C96C392D1A09E800DD2DA1 /* StorageType.swift */; };
		18FA78CB2D21D10500C75002 /* DiskCacheTests.swift in Sources */ = {isa = PBXBuildFile; fileRef = 18FA78CA2D21D10500C75002 /* DiskCacheTests.swift */; };
		18FA78CD2D220FCD00C75002 /* RecipesFilterChipCell.swift in Sources */ = {isa = PBXBuildFile; fileRef = 18FA78CC2D220FCD00C75002 /* RecipesFilterChipCell.swift */; };
		18FA78CF2D23168200C75002 /* RecipesAlert.swift in Sources */ = {isa = PBXBuildFile; fileRef = 18FA78CE2D23168200C75002 /* RecipesAlert.swift */; };
		18FA78D12D231E1000C75002 /* Configuration.swift in Sources */ = {isa = PBXBuildFile; fileRef = 18FA78D02D231E1000C75002 /* Configuration.swift */; };
		18FA78D32D23250A00C75002 /* RecipesViewModelTests.swift in Sources */ = {isa = PBXBuildFile; fileRef = 18FA78D22D23250A00C75002 /* RecipesViewModelTests.swift */; };
		18FA78D52D23260C00C75002 /* MockAPIClient.swift in Sources */ = {isa = PBXBuildFile; fileRef = 18FA78D42D23260C00C75002 /* MockAPIClient.swift */; };
		18FA78D72D23264000C75002 /* MockImageLoader.swift in Sources */ = {isa = PBXBuildFile; fileRef = 18FA78D62D23264000C75002 /* MockImageLoader.swift */; };
		18FA78DA2D2326C800C75002 /* APIClientProtocol.swift in Sources */ = {isa = PBXBuildFile; fileRef = 18FA78D92D2326C800C75002 /* APIClientProtocol.swift */; };
		18FA78DD2D23273B00C75002 /* ImageLoaderProtocol.swift in Sources */ = {isa = PBXBuildFile; fileRef = 18FA78DC2D23273B00C75002 /* ImageLoaderProtocol.swift */; };
/* End PBXBuildFile section */

/* Begin PBXContainerItemProxy section */
		18C96BF72D19C4CB00DD2DA1 /* PBXContainerItemProxy */ = {
			isa = PBXContainerItemProxy;
			containerPortal = 18C96BD82D19C4C700DD2DA1 /* Project object */;
			proxyType = 1;
			remoteGlobalIDString = 18C96BDF2D19C4C700DD2DA1;
			remoteInfo = FetchRecipeApp;
		};
		18C96C012D19C4CB00DD2DA1 /* PBXContainerItemProxy */ = {
			isa = PBXContainerItemProxy;
			containerPortal = 18C96BD82D19C4C700DD2DA1 /* Project object */;
			proxyType = 1;
			remoteGlobalIDString = 18C96BDF2D19C4C700DD2DA1;
			remoteInfo = FetchRecipeApp;
		};
/* End PBXContainerItemProxy section */

/* Begin PBXFileReference section */
		18C96BE02D19C4C800DD2DA1 /* FetchRecipeApp.app */ = {isa = PBXFileReference; explicitFileType = wrapper.application; includeInIndex = 0; path = FetchRecipeApp.app; sourceTree = BUILT_PRODUCTS_DIR; };
		18C96BE32D19C4C800DD2DA1 /* AppDelegate.swift */ = {isa = PBXFileReference; lastKnownFileType = sourcecode.swift; path = AppDelegate.swift; sourceTree = "<group>"; };
		18C96BE52D19C4C800DD2DA1 /* SceneDelegate.swift */ = {isa = PBXFileReference; lastKnownFileType = sourcecode.swift; path = SceneDelegate.swift; sourceTree = "<group>"; };
		18C96BE72D19C4C800DD2DA1 /* RecipesViewController.swift */ = {isa = PBXFileReference; lastKnownFileType = sourcecode.swift; path = RecipesViewController.swift; sourceTree = "<group>"; };
		18C96BEC2D19C4CA00DD2DA1 /* Assets.xcassets */ = {isa = PBXFileReference; lastKnownFileType = folder.assetcatalog; path = Assets.xcassets; sourceTree = "<group>"; };
		18C96BEF2D19C4CA00DD2DA1 /* Base */ = {isa = PBXFileReference; lastKnownFileType = file.storyboard; name = Base; path = Base.lproj/LaunchScreen.storyboard; sourceTree = "<group>"; };
		18C96BF12D19C4CA00DD2DA1 /* Info.plist */ = {isa = PBXFileReference; lastKnownFileType = text.plist.xml; path = Info.plist; sourceTree = "<group>"; };
		18C96BF62D19C4CB00DD2DA1 /* FetchRecipeAppTests.xctest */ = {isa = PBXFileReference; explicitFileType = wrapper.cfbundle; includeInIndex = 0; path = FetchRecipeAppTests.xctest; sourceTree = BUILT_PRODUCTS_DIR; };
		18C96C002D19C4CB00DD2DA1 /* FetchRecipeAppUITests.xctest */ = {isa = PBXFileReference; explicitFileType = wrapper.cfbundle; includeInIndex = 0; path = FetchRecipeAppUITests.xctest; sourceTree = BUILT_PRODUCTS_DIR; };
		18C96C042D19C4CB00DD2DA1 /* FetchRecipeAppUITests.swift */ = {isa = PBXFileReference; lastKnownFileType = sourcecode.swift; path = FetchRecipeAppUITests.swift; sourceTree = "<group>"; };
		18C96C062D19C4CB00DD2DA1 /* FetchRecipeAppUITestsLaunchTests.swift */ = {isa = PBXFileReference; lastKnownFileType = sourcecode.swift; path = FetchRecipeAppUITestsLaunchTests.swift; sourceTree = "<group>"; };
		18C96C132D19C54D00DD2DA1 /* AppContainer.swift */ = {isa = PBXFileReference; lastKnownFileType = sourcecode.swift; path = AppContainer.swift; sourceTree = "<group>"; };
		18C96C152D19C60600DD2DA1 /* RecipesRootView.swift */ = {isa = PBXFileReference; lastKnownFileType = sourcecode.swift; path = RecipesRootView.swift; sourceTree = "<group>"; };
		18C96C172D19C60F00DD2DA1 /* RecipesViewModel.swift */ = {isa = PBXFileReference; lastKnownFileType = sourcecode.swift; path = RecipesViewModel.swift; sourceTree = "<group>"; };
		18C96C1C2D19C70500DD2DA1 /* NiblessView.swift */ = {isa = PBXFileReference; lastKnownFileType = sourcecode.swift; path = NiblessView.swift; sourceTree = "<group>"; };
		18C96C1E2D19C71100DD2DA1 /* NiblessViewController.swift */ = {isa = PBXFileReference; lastKnownFileType = sourcecode.swift; path = NiblessViewController.swift; sourceTree = "<group>"; };
		18C96C202D19C71800DD2DA1 /* UIColor+Hex.swift */ = {isa = PBXFileReference; lastKnownFileType = sourcecode.swift; path = "UIColor+Hex.swift"; sourceTree = "<group>"; };
		18C96C232D19CB1C00DD2DA1 /* RecipesCollectionViewCell.swift */ = {isa = PBXFileReference; lastKnownFileType = sourcecode.swift; path = RecipesCollectionViewCell.swift; sourceTree = "<group>"; };
		18C96C252D19D2A400DD2DA1 /* Recipe.swift */ = {isa = PBXFileReference; lastKnownFileType = sourcecode.swift; path = Recipe.swift; sourceTree = "<group>"; };
		18C96C272D19D32700DD2DA1 /* APIClient.swift */ = {isa = PBXFileReference; lastKnownFileType = sourcecode.swift; path = APIClient.swift; sourceTree = "<group>"; };
		18C96C2B2D19D44500DD2DA1 /* Logger.swift */ = {isa = PBXFileReference; lastKnownFileType = sourcecode.swift; path = Logger.swift; sourceTree = "<group>"; };
		18C96C302D19DABC00DD2DA1 /* Cache.swift */ = {isa = PBXFileReference; lastKnownFileType = sourcecode.swift; path = Cache.swift; sourceTree = "<group>"; };
		18C96C322D19EE8900DD2DA1 /* ImageLoader.swift */ = {isa = PBXFileReference; lastKnownFileType = sourcecode.swift; path = ImageLoader.swift; sourceTree = "<group>"; };
		18C96C352D19EFF500DD2DA1 /* DiskCache.swift */ = {isa = PBXFileReference; lastKnownFileType = sourcecode.swift; path = DiskCache.swift; sourceTree = "<group>"; };
		18C96C392D1A09E800DD2DA1 /* StorageType.swift */ = {isa = PBXFileReference; lastKnownFileType = sourcecode.swift; path = StorageType.swift; sourceTree = "<group>"; };
		18FA78CA2D21D10500C75002 /* DiskCacheTests.swift */ = {isa = PBXFileReference; lastKnownFileType = sourcecode.swift; path = DiskCacheTests.swift; sourceTree = "<group>"; };
		18FA78CC2D220FCD00C75002 /* RecipesFilterChipCell.swift */ = {isa = PBXFileReference; lastKnownFileType = sourcecode.swift; path = RecipesFilterChipCell.swift; sourceTree = "<group>"; };
		18FA78CE2D23168200C75002 /* RecipesAlert.swift */ = {isa = PBXFileReference; lastKnownFileType = sourcecode.swift; path = RecipesAlert.swift; sourceTree = "<group>"; };
		18FA78D02D231E1000C75002 /* Configuration.swift */ = {isa = PBXFileReference; lastKnownFileType = sourcecode.swift; path = Configuration.swift; sourceTree = "<group>"; };
		18FA78D22D23250A00C75002 /* RecipesViewModelTests.swift */ = {isa = PBXFileReference; lastKnownFileType = sourcecode.swift; path = RecipesViewModelTests.swift; sourceTree = "<group>"; };
		18FA78D42D23260C00C75002 /* MockAPIClient.swift */ = {isa = PBXFileReference; lastKnownFileType = sourcecode.swift; path = MockAPIClient.swift; sourceTree = "<group>"; };
		18FA78D62D23264000C75002 /* MockImageLoader.swift */ = {isa = PBXFileReference; lastKnownFileType = sourcecode.swift; path = MockImageLoader.swift; sourceTree = "<group>"; };
		18FA78D92D2326C800C75002 /* APIClientProtocol.swift */ = {isa = PBXFileReference; lastKnownFileType = sourcecode.swift; path = APIClientProtocol.swift; sourceTree = "<group>"; };
		18FA78DC2D23273B00C75002 /* ImageLoaderProtocol.swift */ = {isa = PBXFileReference; lastKnownFileType = sourcecode.swift; path = ImageLoaderProtocol.swift; sourceTree = "<group>"; };
/* End PBXFileReference section */

/* Begin PBXFrameworksBuildPhase section */
		18C96BDD2D19C4C700DD2DA1 /* Frameworks */ = {
			isa = PBXFrameworksBuildPhase;
			buildActionMask = 2147483647;
			files = (
			);
			runOnlyForDeploymentPostprocessing = 0;
		};
		18C96BF32D19C4CB00DD2DA1 /* Frameworks */ = {
			isa = PBXFrameworksBuildPhase;
			buildActionMask = 2147483647;
			files = (
			);
			runOnlyForDeploymentPostprocessing = 0;
		};
		18C96BFD2D19C4CB00DD2DA1 /* Frameworks */ = {
			isa = PBXFrameworksBuildPhase;
			buildActionMask = 2147483647;
			files = (
			);
			runOnlyForDeploymentPostprocessing = 0;
		};
/* End PBXFrameworksBuildPhase section */

/* Begin PBXGroup section */
		18C96BD72D19C4C700DD2DA1 = {
			isa = PBXGroup;
			children = (
				18C96BE22D19C4C800DD2DA1 /* FetchRecipeApp */,
				18C96BF92D19C4CB00DD2DA1 /* FetchRecipeAppTests */,
				18C96C032D19C4CB00DD2DA1 /* FetchRecipeAppUITests */,
				18C96BE12D19C4C800DD2DA1 /* Products */,
			);
			sourceTree = "<group>";
		};
		18C96BE12D19C4C800DD2DA1 /* Products */ = {
			isa = PBXGroup;
			children = (
				18C96BE02D19C4C800DD2DA1 /* FetchRecipeApp.app */,
				18C96BF62D19C4CB00DD2DA1 /* FetchRecipeAppTests.xctest */,
				18C96C002D19C4CB00DD2DA1 /* FetchRecipeAppUITests.xctest */,
			);
			name = Products;
			sourceTree = "<group>";
		};
		18C96BE22D19C4C800DD2DA1 /* FetchRecipeApp */ = {
			isa = PBXGroup;
			children = (
				18C96BE32D19C4C800DD2DA1 /* AppDelegate.swift */,
				18C96BE52D19C4C800DD2DA1 /* SceneDelegate.swift */,
				18FA78D02D231E1000C75002 /* Configuration.swift */,
				18C96C132D19C54D00DD2DA1 /* AppContainer.swift */,
				18C96C1B2D19C63500DD2DA1 /* Data */,
				18C96C1A2D19C62A00DD2DA1 /* UI */,
				18C96BEC2D19C4CA00DD2DA1 /* Assets.xcassets */,
				18C96BEE2D19C4CA00DD2DA1 /* LaunchScreen.storyboard */,
				18C96BF12D19C4CA00DD2DA1 /* Info.plist */,
			);
			path = FetchRecipeApp;
			sourceTree = "<group>";
		};
		18C96BF92D19C4CB00DD2DA1 /* FetchRecipeAppTests */ = {
			isa = PBXGroup;
			children = (
				18FA78CA2D21D10500C75002 /* DiskCacheTests.swift */,
				18FA78D22D23250A00C75002 /* RecipesViewModelTests.swift */,
				18FA78D42D23260C00C75002 /* MockAPIClient.swift */,
				18FA78D62D23264000C75002 /* MockImageLoader.swift */,
			);
			path = FetchRecipeAppTests;
			sourceTree = "<group>";
		};
		18C96C032D19C4CB00DD2DA1 /* FetchRecipeAppUITests */ = {
			isa = PBXGroup;
			children = (
				18C96C042D19C4CB00DD2DA1 /* FetchRecipeAppUITests.swift */,
				18C96C062D19C4CB00DD2DA1 /* FetchRecipeAppUITestsLaunchTests.swift */,
			);
			path = FetchRecipeAppUITests;
			sourceTree = "<group>";
		};
		18C96C192D19C61500DD2DA1 /* Recipes */ = {
			isa = PBXGroup;
			children = (
				18C96BE72D19C4C800DD2DA1 /* RecipesViewController.swift */,
				18C96C172D19C60F00DD2DA1 /* RecipesViewModel.swift */,
				18C96C152D19C60600DD2DA1 /* RecipesRootView.swift */,
				18C96C232D19CB1C00DD2DA1 /* RecipesCollectionViewCell.swift */,
				18FA78CC2D220FCD00C75002 /* RecipesFilterChipCell.swift */,
				18FA78CE2D23168200C75002 /* RecipesAlert.swift */,
			);
			path = Recipes;
			sourceTree = "<group>";
		};
		18C96C1A2D19C62A00DD2DA1 /* UI */ = {
			isa = PBXGroup;
			children = (
				18C96C222D19C76200DD2DA1 /* UIKit */,
				18C96C192D19C61500DD2DA1 /* Recipes */,
			);
			path = UI;
			sourceTree = "<group>";
		};
		18C96C1B2D19C63500DD2DA1 /* Data */ = {
			isa = PBXGroup;
			children = (
				18FA78DE2D23345A00C75002 /* Models */,
				18FA78DB2D23272800C75002 /* ImageLoader */,
				18FA78D82D2326B800C75002 /* APIClient */,
				18C96C342D19EFE800DD2DA1 /* Cache */,
				18C96C2B2D19D44500DD2DA1 /* Logger.swift */,
			);
			path = Data;
			sourceTree = "<group>";
		};
		18C96C222D19C76200DD2DA1 /* UIKit */ = {
			isa = PBXGroup;
			children = (
				18C96C1C2D19C70500DD2DA1 /* NiblessView.swift */,
				18C96C1E2D19C71100DD2DA1 /* NiblessViewController.swift */,
				18C96C202D19C71800DD2DA1 /* UIColor+Hex.swift */,
			);
			path = UIKit;
			sourceTree = "<group>";
		};
		18C96C342D19EFE800DD2DA1 /* Cache */ = {
			isa = PBXGroup;
			children = (
				18C96C302D19DABC00DD2DA1 /* Cache.swift */,
				18C96C352D19EFF500DD2DA1 /* DiskCache.swift */,
				18C96C392D1A09E800DD2DA1 /* StorageType.swift */,
			);
			path = Cache;
			sourceTree = "<group>";
		};
		18FA78D82D2326B800C75002 /* APIClient */ = {
			isa = PBXGroup;
			children = (
				18FA78D92D2326C800C75002 /* APIClientProtocol.swift */,
				18C96C272D19D32700DD2DA1 /* APIClient.swift */,
			);
			path = APIClient;
			sourceTree = "<group>";
		};
		18FA78DB2D23272800C75002 /* ImageLoader */ = {
			isa = PBXGroup;
			children = (
				18FA78DC2D23273B00C75002 /* ImageLoaderProtocol.swift */,
				18C96C322D19EE8900DD2DA1 /* ImageLoader.swift */,
			);
			path = ImageLoader;
			sourceTree = "<group>";
		};
		18FA78DE2D23345A00C75002 /* Models */ = {
			isa = PBXGroup;
			children = (
				18C96C252D19D2A400DD2DA1 /* Recipe.swift */,
			);
			path = Models;
			sourceTree = "<group>";
		};
/* End PBXGroup section */

/* Begin PBXNativeTarget section */
		18C96BDF2D19C4C700DD2DA1 /* FetchRecipeApp */ = {
			isa = PBXNativeTarget;
			buildConfigurationList = 18C96C0A2D19C4CB00DD2DA1 /* Build configuration list for PBXNativeTarget "FetchRecipeApp" */;
			buildPhases = (
				18C96BDC2D19C4C700DD2DA1 /* Sources */,
				18C96BDD2D19C4C700DD2DA1 /* Frameworks */,
				18C96BDE2D19C4C700DD2DA1 /* Resources */,
			);
			buildRules = (
			);
			dependencies = (
			);
			name = FetchRecipeApp;
			productName = FetchRecipeApp;
			productReference = 18C96BE02D19C4C800DD2DA1 /* FetchRecipeApp.app */;
			productType = "com.apple.product-type.application";
		};
		18C96BF52D19C4CB00DD2DA1 /* FetchRecipeAppTests */ = {
			isa = PBXNativeTarget;
			buildConfigurationList = 18C96C0D2D19C4CB00DD2DA1 /* Build configuration list for PBXNativeTarget "FetchRecipeAppTests" */;
			buildPhases = (
				18C96BF22D19C4CB00DD2DA1 /* Sources */,
				18C96BF32D19C4CB00DD2DA1 /* Frameworks */,
				18C96BF42D19C4CB00DD2DA1 /* Resources */,
			);
			buildRules = (
			);
			dependencies = (
				18C96BF82D19C4CB00DD2DA1 /* PBXTargetDependency */,
			);
			name = FetchRecipeAppTests;
			productName = FetchRecipeAppTests;
			productReference = 18C96BF62D19C4CB00DD2DA1 /* FetchRecipeAppTests.xctest */;
			productType = "com.apple.product-type.bundle.unit-test";
		};
		18C96BFF2D19C4CB00DD2DA1 /* FetchRecipeAppUITests */ = {
			isa = PBXNativeTarget;
			buildConfigurationList = 18C96C102D19C4CB00DD2DA1 /* Build configuration list for PBXNativeTarget "FetchRecipeAppUITests" */;
			buildPhases = (
				18C96BFC2D19C4CB00DD2DA1 /* Sources */,
				18C96BFD2D19C4CB00DD2DA1 /* Frameworks */,
				18C96BFE2D19C4CB00DD2DA1 /* Resources */,
			);
			buildRules = (
			);
			dependencies = (
				18C96C022D19C4CB00DD2DA1 /* PBXTargetDependency */,
			);
			name = FetchRecipeAppUITests;
			productName = FetchRecipeAppUITests;
			productReference = 18C96C002D19C4CB00DD2DA1 /* FetchRecipeAppUITests.xctest */;
			productType = "com.apple.product-type.bundle.ui-testing";
		};
/* End PBXNativeTarget section */

/* Begin PBXProject section */
		18C96BD82D19C4C700DD2DA1 /* Project object */ = {
			isa = PBXProject;
			attributes = {
				BuildIndependentTargetsInParallel = 1;
				LastSwiftUpdateCheck = 1540;
				LastUpgradeCheck = 1540;
				TargetAttributes = {
					18C96BDF2D19C4C700DD2DA1 = {
						CreatedOnToolsVersion = 15.4;
					};
					18C96BF52D19C4CB00DD2DA1 = {
						CreatedOnToolsVersion = 15.4;
						TestTargetID = 18C96BDF2D19C4C700DD2DA1;
					};
					18C96BFF2D19C4CB00DD2DA1 = {
						CreatedOnToolsVersion = 15.4;
						TestTargetID = 18C96BDF2D19C4C700DD2DA1;
					};
				};
			};
			buildConfigurationList = 18C96BDB2D19C4C700DD2DA1 /* Build configuration list for PBXProject "FetchRecipeApp" */;
			compatibilityVersion = "Xcode 14.0";
			developmentRegion = en;
			hasScannedForEncodings = 0;
			knownRegions = (
				en,
				Base,
			);
			mainGroup = 18C96BD72D19C4C700DD2DA1;
			productRefGroup = 18C96BE12D19C4C800DD2DA1 /* Products */;
			projectDirPath = "";
			projectRoot = "";
			targets = (
				18C96BDF2D19C4C700DD2DA1 /* FetchRecipeApp */,
				18C96BF52D19C4CB00DD2DA1 /* FetchRecipeAppTests */,
				18C96BFF2D19C4CB00DD2DA1 /* FetchRecipeAppUITests */,
			);
		};
/* End PBXProject section */

/* Begin PBXResourcesBuildPhase section */
		18C96BDE2D19C4C700DD2DA1 /* Resources */ = {
			isa = PBXResourcesBuildPhase;
			buildActionMask = 2147483647;
			files = (
				18C96BED2D19C4CA00DD2DA1 /* Assets.xcassets in Resources */,
				18C96BF02D19C4CA00DD2DA1 /* Base in Resources */,
			);
			runOnlyForDeploymentPostprocessing = 0;
		};
		18C96BF42D19C4CB00DD2DA1 /* Resources */ = {
			isa = PBXResourcesBuildPhase;
			buildActionMask = 2147483647;
			files = (
			);
			runOnlyForDeploymentPostprocessing = 0;
		};
		18C96BFE2D19C4CB00DD2DA1 /* Resources */ = {
			isa = PBXResourcesBuildPhase;
			buildActionMask = 2147483647;
			files = (
			);
			runOnlyForDeploymentPostprocessing = 0;
		};
/* End PBXResourcesBuildPhase section */

/* Begin PBXSourcesBuildPhase section */
		18C96BDC2D19C4C700DD2DA1 /* Sources */ = {
			isa = PBXSourcesBuildPhase;
			buildActionMask = 2147483647;
			files = (
				18FA78DD2D23273B00C75002 /* ImageLoaderProtocol.swift in Sources */,
				18C96C242D19CB1C00DD2DA1 /* RecipesCollectionViewCell.swift in Sources */,
				18C96C312D19DABC00DD2DA1 /* Cache.swift in Sources */,
				18C96C332D19EE8900DD2DA1 /* ImageLoader.swift in Sources */,
				18C96C1D2D19C70500DD2DA1 /* NiblessView.swift in Sources */,
				18C96C182D19C61000DD2DA1 /* RecipesViewModel.swift in Sources */,
				18FA78DA2D2326C800C75002 /* APIClientProtocol.swift in Sources */,
				18C96BE82D19C4C800DD2DA1 /* RecipesViewController.swift in Sources */,
				18FA78D12D231E1000C75002 /* Configuration.swift in Sources */,
				18C96C212D19C71800DD2DA1 /* UIColor+Hex.swift in Sources */,
				18C96C3A2D1A09E800DD2DA1 /* StorageType.swift in Sources */,
				18C96C142D19C54D00DD2DA1 /* AppContainer.swift in Sources */,
				18FA78CD2D220FCD00C75002 /* RecipesFilterChipCell.swift in Sources */,
				18C96BE42D19C4C800DD2DA1 /* AppDelegate.swift in Sources */,
				18C96C362D19EFF500DD2DA1 /* DiskCache.swift in Sources */,
				18C96C1F2D19C71100DD2DA1 /* NiblessViewController.swift in Sources */,
				18C96C162D19C60600DD2DA1 /* RecipesRootView.swift in Sources */,
				18C96BE62D19C4C800DD2DA1 /* SceneDelegate.swift in Sources */,
				18FA78CF2D23168200C75002 /* RecipesAlert.swift in Sources */,
				18C96C2C2D19D44500DD2DA1 /* Logger.swift in Sources */,
				18C96C262D19D2A400DD2DA1 /* Recipe.swift in Sources */,
				18C96C282D19D32700DD2DA1 /* APIClient.swift in Sources */,
			);
			runOnlyForDeploymentPostprocessing = 0;
		};
		18C96BF22D19C4CB00DD2DA1 /* Sources */ = {
			isa = PBXSourcesBuildPhase;
			buildActionMask = 2147483647;
			files = (
				18FA78D72D23264000C75002 /* MockImageLoader.swift in Sources */,
				18FA78D32D23250A00C75002 /* RecipesViewModelTests.swift in Sources */,
				18FA78CB2D21D10500C75002 /* DiskCacheTests.swift in Sources */,
				18FA78D52D23260C00C75002 /* MockAPIClient.swift in Sources */,
			);
			runOnlyForDeploymentPostprocessing = 0;
		};
		18C96BFC2D19C4CB00DD2DA1 /* Sources */ = {
			isa = PBXSourcesBuildPhase;
			buildActionMask = 2147483647;
			files = (
				18C96C052D19C4CB00DD2DA1 /* FetchRecipeAppUITests.swift in Sources */,
				18C96C072D19C4CB00DD2DA1 /* FetchRecipeAppUITestsLaunchTests.swift in Sources */,
			);
			runOnlyForDeploymentPostprocessing = 0;
		};
/* End PBXSourcesBuildPhase section */

/* Begin PBXTargetDependency section */
		18C96BF82D19C4CB00DD2DA1 /* PBXTargetDependency */ = {
			isa = PBXTargetDependency;
			target = 18C96BDF2D19C4C700DD2DA1 /* FetchRecipeApp */;
			targetProxy = 18C96BF72D19C4CB00DD2DA1 /* PBXContainerItemProxy */;
		};
		18C96C022D19C4CB00DD2DA1 /* PBXTargetDependency */ = {
			isa = PBXTargetDependency;
			target = 18C96BDF2D19C4C700DD2DA1 /* FetchRecipeApp */;
			targetProxy = 18C96C012D19C4CB00DD2DA1 /* PBXContainerItemProxy */;
		};
/* End PBXTargetDependency section */

/* Begin PBXVariantGroup section */
		18C96BEE2D19C4CA00DD2DA1 /* LaunchScreen.storyboard */ = {
			isa = PBXVariantGroup;
			children = (
				18C96BEF2D19C4CA00DD2DA1 /* Base */,
			);
			name = LaunchScreen.storyboard;
			sourceTree = "<group>";
		};
/* End PBXVariantGroup section */

/* Begin XCBuildConfiguration section */
		18C96C082D19C4CB00DD2DA1 /* Debug */ = {
			isa = XCBuildConfiguration;
			buildSettings = {
				ALWAYS_SEARCH_USER_PATHS = NO;
				ASSETCATALOG_COMPILER_GENERATE_SWIFT_ASSET_SYMBOL_EXTENSIONS = YES;
				CLANG_ANALYZER_NONNULL = YES;
				CLANG_ANALYZER_NUMBER_OBJECT_CONVERSION = YES_AGGRESSIVE;
				CLANG_CXX_LANGUAGE_STANDARD = "gnu++20";
				CLANG_ENABLE_MODULES = YES;
				CLANG_ENABLE_OBJC_ARC = YES;
				CLANG_ENABLE_OBJC_WEAK = YES;
				CLANG_WARN_BLOCK_CAPTURE_AUTORELEASING = YES;
				CLANG_WARN_BOOL_CONVERSION = YES;
				CLANG_WARN_COMMA = YES;
				CLANG_WARN_CONSTANT_CONVERSION = YES;
				CLANG_WARN_DEPRECATED_OBJC_IMPLEMENTATIONS = YES;
				CLANG_WARN_DIRECT_OBJC_ISA_USAGE = YES_ERROR;
				CLANG_WARN_DOCUMENTATION_COMMENTS = YES;
				CLANG_WARN_EMPTY_BODY = YES;
				CLANG_WARN_ENUM_CONVERSION = YES;
				CLANG_WARN_INFINITE_RECURSION = YES;
				CLANG_WARN_INT_CONVERSION = YES;
				CLANG_WARN_NON_LITERAL_NULL_CONVERSION = YES;
				CLANG_WARN_OBJC_IMPLICIT_RETAIN_SELF = YES;
				CLANG_WARN_OBJC_LITERAL_CONVERSION = YES;
				CLANG_WARN_OBJC_ROOT_CLASS = YES_ERROR;
				CLANG_WARN_QUOTED_INCLUDE_IN_FRAMEWORK_HEADER = YES;
				CLANG_WARN_RANGE_LOOP_ANALYSIS = YES;
				CLANG_WARN_STRICT_PROTOTYPES = YES;
				CLANG_WARN_SUSPICIOUS_MOVE = YES;
				CLANG_WARN_UNGUARDED_AVAILABILITY = YES_AGGRESSIVE;
				CLANG_WARN_UNREACHABLE_CODE = YES;
				CLANG_WARN__DUPLICATE_METHOD_MATCH = YES;
				COPY_PHASE_STRIP = NO;
				DEBUG_INFORMATION_FORMAT = dwarf;
				ENABLE_STRICT_OBJC_MSGSEND = YES;
				ENABLE_TESTABILITY = YES;
				ENABLE_USER_SCRIPT_SANDBOXING = YES;
				GCC_C_LANGUAGE_STANDARD = gnu17;
				GCC_DYNAMIC_NO_PIC = NO;
				GCC_NO_COMMON_BLOCKS = YES;
				GCC_OPTIMIZATION_LEVEL = 0;
				GCC_PREPROCESSOR_DEFINITIONS = (
					"DEBUG=1",
					"$(inherited)",
				);
				GCC_WARN_64_TO_32_BIT_CONVERSION = YES;
				GCC_WARN_ABOUT_RETURN_TYPE = YES_ERROR;
				GCC_WARN_UNDECLARED_SELECTOR = YES;
				GCC_WARN_UNINITIALIZED_AUTOS = YES_AGGRESSIVE;
				GCC_WARN_UNUSED_FUNCTION = YES;
				GCC_WARN_UNUSED_VARIABLE = YES;
				IPHONEOS_DEPLOYMENT_TARGET = 16.0;
				LOCALIZATION_PREFERS_STRING_CATALOGS = YES;
				MTL_ENABLE_DEBUG_INFO = INCLUDE_SOURCE;
				MTL_FAST_MATH = YES;
				ONLY_ACTIVE_ARCH = YES;
				SDKROOT = iphoneos;
				SWIFT_ACTIVE_COMPILATION_CONDITIONS = "DEBUG $(inherited)";
				SWIFT_OPTIMIZATION_LEVEL = "-Onone";
			};
			name = Debug;
		};
		18C96C092D19C4CB00DD2DA1 /* Release */ = {
			isa = XCBuildConfiguration;
			buildSettings = {
				ALWAYS_SEARCH_USER_PATHS = NO;
				ASSETCATALOG_COMPILER_GENERATE_SWIFT_ASSET_SYMBOL_EXTENSIONS = YES;
				CLANG_ANALYZER_NONNULL = YES;
				CLANG_ANALYZER_NUMBER_OBJECT_CONVERSION = YES_AGGRESSIVE;
				CLANG_CXX_LANGUAGE_STANDARD = "gnu++20";
				CLANG_ENABLE_MODULES = YES;
				CLANG_ENABLE_OBJC_ARC = YES;
				CLANG_ENABLE_OBJC_WEAK = YES;
				CLANG_WARN_BLOCK_CAPTURE_AUTORELEASING = YES;
				CLANG_WARN_BOOL_CONVERSION = YES;
				CLANG_WARN_COMMA = YES;
				CLANG_WARN_CONSTANT_CONVERSION = YES;
				CLANG_WARN_DEPRECATED_OBJC_IMPLEMENTATIONS = YES;
				CLANG_WARN_DIRECT_OBJC_ISA_USAGE = YES_ERROR;
				CLANG_WARN_DOCUMENTATION_COMMENTS = YES;
				CLANG_WARN_EMPTY_BODY = YES;
				CLANG_WARN_ENUM_CONVERSION = YES;
				CLANG_WARN_INFINITE_RECURSION = YES;
				CLANG_WARN_INT_CONVERSION = YES;
				CLANG_WARN_NON_LITERAL_NULL_CONVERSION = YES;
				CLANG_WARN_OBJC_IMPLICIT_RETAIN_SELF = YES;
				CLANG_WARN_OBJC_LITERAL_CONVERSION = YES;
				CLANG_WARN_OBJC_ROOT_CLASS = YES_ERROR;
				CLANG_WARN_QUOTED_INCLUDE_IN_FRAMEWORK_HEADER = YES;
				CLANG_WARN_RANGE_LOOP_ANALYSIS = YES;
				CLANG_WARN_STRICT_PROTOTYPES = YES;
				CLANG_WARN_SUSPICIOUS_MOVE = YES;
				CLANG_WARN_UNGUARDED_AVAILABILITY = YES_AGGRESSIVE;
				CLANG_WARN_UNREACHABLE_CODE = YES;
				CLANG_WARN__DUPLICATE_METHOD_MATCH = YES;
				COPY_PHASE_STRIP = NO;
				DEBUG_INFORMATION_FORMAT = "dwarf-with-dsym";
				ENABLE_NS_ASSERTIONS = NO;
				ENABLE_STRICT_OBJC_MSGSEND = YES;
				ENABLE_USER_SCRIPT_SANDBOXING = YES;
				GCC_C_LANGUAGE_STANDARD = gnu17;
				GCC_NO_COMMON_BLOCKS = YES;
				GCC_WARN_64_TO_32_BIT_CONVERSION = YES;
				GCC_WARN_ABOUT_RETURN_TYPE = YES_ERROR;
				GCC_WARN_UNDECLARED_SELECTOR = YES;
				GCC_WARN_UNINITIALIZED_AUTOS = YES_AGGRESSIVE;
				GCC_WARN_UNUSED_FUNCTION = YES;
				GCC_WARN_UNUSED_VARIABLE = YES;
				IPHONEOS_DEPLOYMENT_TARGET = 16.0;
				LOCALIZATION_PREFERS_STRING_CATALOGS = YES;
				MTL_ENABLE_DEBUG_INFO = NO;
				MTL_FAST_MATH = YES;
				SDKROOT = iphoneos;
				SWIFT_COMPILATION_MODE = wholemodule;
				VALIDATE_PRODUCT = YES;
			};
			name = Release;
		};
		18C96C0B2D19C4CB00DD2DA1 /* Debug */ = {
			isa = XCBuildConfiguration;
			buildSettings = {
				ASSETCATALOG_COMPILER_APPICON_NAME = AppIcon;
				ASSETCATALOG_COMPILER_GLOBAL_ACCENT_COLOR_NAME = AccentColor;
				CODE_SIGN_STYLE = Automatic;
				CURRENT_PROJECT_VERSION = 1;
				DEVELOPMENT_TEAM = E9P6GGP6YR;
				GENERATE_INFOPLIST_FILE = YES;
				INFOPLIST_FILE = FetchRecipeApp/Info.plist;
				INFOPLIST_KEY_UIApplicationSupportsIndirectInputEvents = YES;
				INFOPLIST_KEY_UILaunchStoryboardName = LaunchScreen;
				INFOPLIST_KEY_UIMainStoryboardFile = Main;
				INFOPLIST_KEY_UISupportedInterfaceOrientations = UIInterfaceOrientationPortrait;
				IPHONEOS_DEPLOYMENT_TARGET = 16.0;
				LD_RUNPATH_SEARCH_PATHS = (
					"$(inherited)",
					"@executable_path/Frameworks",
				);
				MARKETING_VERSION = 1.0;
				PRODUCT_BUNDLE_IDENTIFIER = com.galarza.FetchRecipeApp;
				PRODUCT_NAME = "$(TARGET_NAME)";
				SWIFT_EMIT_LOC_STRINGS = YES;
				SWIFT_VERSION = 5.0;
				TARGETED_DEVICE_FAMILY = "1,2";
			};
			name = Debug;
		};
		18C96C0C2D19C4CB00DD2DA1 /* Release */ = {
			isa = XCBuildConfiguration;
			buildSettings = {
				ASSETCATALOG_COMPILER_APPICON_NAME = AppIcon;
				ASSETCATALOG_COMPILER_GLOBAL_ACCENT_COLOR_NAME = AccentColor;
				CODE_SIGN_STYLE = Automatic;
				CURRENT_PROJECT_VERSION = 1;
				DEVELOPMENT_TEAM = E9P6GGP6YR;
				GENERATE_INFOPLIST_FILE = YES;
				INFOPLIST_FILE = FetchRecipeApp/Info.plist;
				INFOPLIST_KEY_UIApplicationSupportsIndirectInputEvents = YES;
				INFOPLIST_KEY_UILaunchStoryboardName = LaunchScreen;
				INFOPLIST_KEY_UIMainStoryboardFile = Main;
				INFOPLIST_KEY_UISupportedInterfaceOrientations = UIInterfaceOrientationPortrait;
				IPHONEOS_DEPLOYMENT_TARGET = 16.0;
				LD_RUNPATH_SEARCH_PATHS = (
					"$(inherited)",
					"@executable_path/Frameworks",
				);
				MARKETING_VERSION = 1.0;
				PRODUCT_BUNDLE_IDENTIFIER = com.galarza.FetchRecipeApp;
				PRODUCT_NAME = "$(TARGET_NAME)";
				SWIFT_EMIT_LOC_STRINGS = YES;
				SWIFT_VERSION = 5.0;
				TARGETED_DEVICE_FAMILY = "1,2";
			};
			name = Release;
		};
		18C96C0E2D19C4CB00DD2DA1 /* Debug */ = {
			isa = XCBuildConfiguration;
			buildSettings = {
				ALWAYS_EMBED_SWIFT_STANDARD_LIBRARIES = YES;
				BUNDLE_LOADER = "$(TEST_HOST)";
				CODE_SIGN_STYLE = Automatic;
				CURRENT_PROJECT_VERSION = 1;
				DEVELOPMENT_TEAM = E9P6GGP6YR;
				GENERATE_INFOPLIST_FILE = YES;
				IPHONEOS_DEPLOYMENT_TARGET = 17.5;
				MARKETING_VERSION = 1.0;
				PRODUCT_BUNDLE_IDENTIFIER = com.galarza.FetchRecipeAppTests;
				PRODUCT_NAME = "$(TARGET_NAME)";
				SWIFT_EMIT_LOC_STRINGS = NO;
				SWIFT_VERSION = 5.0;
				TARGETED_DEVICE_FAMILY = "1,2";
				TEST_HOST = "$(BUILT_PRODUCTS_DIR)/FetchRecipeApp.app/$(BUNDLE_EXECUTABLE_FOLDER_PATH)/FetchRecipeApp";
			};
			name = Debug;
		};
		18C96C0F2D19C4CB00DD2DA1 /* Release */ = {
			isa = XCBuildConfiguration;
			buildSettings = {
				ALWAYS_EMBED_SWIFT_STANDARD_LIBRARIES = YES;
				BUNDLE_LOADER = "$(TEST_HOST)";
				CODE_SIGN_STYLE = Automatic;
				CURRENT_PROJECT_VERSION = 1;
				DEVELOPMENT_TEAM = E9P6GGP6YR;
				GENERATE_INFOPLIST_FILE = YES;
				IPHONEOS_DEPLOYMENT_TARGET = 17.5;
				MARKETING_VERSION = 1.0;
				PRODUCT_BUNDLE_IDENTIFIER = com.galarza.FetchRecipeAppTests;
				PRODUCT_NAME = "$(TARGET_NAME)";
				SWIFT_EMIT_LOC_STRINGS = NO;
				SWIFT_VERSION = 5.0;
				TARGETED_DEVICE_FAMILY = "1,2";
				TEST_HOST = "$(BUILT_PRODUCTS_DIR)/FetchRecipeApp.app/$(BUNDLE_EXECUTABLE_FOLDER_PATH)/FetchRecipeApp";
			};
			name = Release;
		};
		18C96C112D19C4CB00DD2DA1 /* Debug */ = {
			isa = XCBuildConfiguration;
			buildSettings = {
				ALWAYS_EMBED_SWIFT_STANDARD_LIBRARIES = YES;
				CODE_SIGN_STYLE = Automatic;
				CURRENT_PROJECT_VERSION = 1;
				DEVELOPMENT_TEAM = E9P6GGP6YR;
				GENERATE_INFOPLIST_FILE = YES;
				MARKETING_VERSION = 1.0;
				PRODUCT_BUNDLE_IDENTIFIER = com.galarza.FetchRecipeAppUITests;
				PRODUCT_NAME = "$(TARGET_NAME)";
				SWIFT_EMIT_LOC_STRINGS = NO;
				SWIFT_VERSION = 5.0;
				TARGETED_DEVICE_FAMILY = "1,2";
				TEST_TARGET_NAME = FetchRecipeApp;
			};
			name = Debug;
		};
		18C96C122D19C4CB00DD2DA1 /* Release */ = {
			isa = XCBuildConfiguration;
			buildSettings = {
				ALWAYS_EMBED_SWIFT_STANDARD_LIBRARIES = YES;
				CODE_SIGN_STYLE = Automatic;
				CURRENT_PROJECT_VERSION = 1;
				DEVELOPMENT_TEAM = E9P6GGP6YR;
				GENERATE_INFOPLIST_FILE = YES;
				MARKETING_VERSION = 1.0;
				PRODUCT_BUNDLE_IDENTIFIER = com.galarza.FetchRecipeAppUITests;
				PRODUCT_NAME = "$(TARGET_NAME)";
				SWIFT_EMIT_LOC_STRINGS = NO;
				SWIFT_VERSION = 5.0;
				TARGETED_DEVICE_FAMILY = "1,2";
				TEST_TARGET_NAME = FetchRecipeApp;
			};
			name = Release;
		};
/* End XCBuildConfiguration section */

/* Begin XCConfigurationList section */
		18C96BDB2D19C4C700DD2DA1 /* Build configuration list for PBXProject "FetchRecipeApp" */ = {
			isa = XCConfigurationList;
			buildConfigurations = (
				18C96C082D19C4CB00DD2DA1 /* Debug */,
				18C96C092D19C4CB00DD2DA1 /* Release */,
			);
			defaultConfigurationIsVisible = 0;
			defaultConfigurationName = Release;
		};
		18C96C0A2D19C4CB00DD2DA1 /* Build configuration list for PBXNativeTarget "FetchRecipeApp" */ = {
			isa = XCConfigurationList;
			buildConfigurations = (
				18C96C0B2D19C4CB00DD2DA1 /* Debug */,
				18C96C0C2D19C4CB00DD2DA1 /* Release */,
			);
			defaultConfigurationIsVisible = 0;
			defaultConfigurationName = Release;
		};
		18C96C0D2D19C4CB00DD2DA1 /* Build configuration list for PBXNativeTarget "FetchRecipeAppTests" */ = {
			isa = XCConfigurationList;
			buildConfigurations = (
				18C96C0E2D19C4CB00DD2DA1 /* Debug */,
				18C96C0F2D19C4CB00DD2DA1 /* Release */,
			);
			defaultConfigurationIsVisible = 0;
			defaultConfigurationName = Release;
		};
		18C96C102D19C4CB00DD2DA1 /* Build configuration list for PBXNativeTarget "FetchRecipeAppUITests" */ = {
			isa = XCConfigurationList;
			buildConfigurations = (
				18C96C112D19C4CB00DD2DA1 /* Debug */,
				18C96C122D19C4CB00DD2DA1 /* Release */,
			);
			defaultConfigurationIsVisible = 0;
			defaultConfigurationName = Release;
		};
/* End XCConfigurationList section */
	};
	rootObject = 18C96BD82D19C4C700DD2DA1 /* Project object */;
}
